// !$*UTF8*$!
{
	archiveVersion = 1;
	classes = {
	};
	objectVersion = 77;
	objects = {

/* Begin PBXBuildFile section */
		AA6B5A792E3BD00F009F401D /* GoogleSignIn in Frameworks */ = {isa = PBXBuildFile; productRef = AA6B5A782E3BD00F009F401D /* GoogleSignIn */; };
		AA6B5A7B2E3BD00F009F401D /* GoogleSignInSwift in Frameworks */ = {isa = PBXBuildFile; productRef = AA6B5A7A2E3BD00F009F401D /* GoogleSignInSwift */; };
		AA6B5A812E3BD8CD009F401D /* SwiftKeychainWrapper in Frameworks */ = {isa = PBXBuildFile; productRef = AA6B5A802E3BD8CD009F401D /* SwiftKeychainWrapper */; };
		AA90129A2E3B9FED00804C6A /* Pods_FinTrack.framework in Frameworks */ = {isa = PBXBuildFile; fileRef = AA9012992E3B9FED00804C6A /* Pods_FinTrack.framework */; };
		AA90129B2E3B9FED00804C6A /* Pods_FinTrack.framework in Embed Frameworks */ = {isa = PBXBuildFile; fileRef = AA9012992E3B9FED00804C6A /* Pods_FinTrack.framework */; settings = {ATTRIBUTES = (CodeSignOnCopy, RemoveHeadersOnCopy, ); }; };
		AA9012B92E3BA21F00804C6A /* FirebaseAnalytics in Frameworks */ = {isa = PBXBuildFile; productRef = AA9012B82E3BA21F00804C6A /* FirebaseAnalytics */; };
		AA9012BB2E3BA21F00804C6A /* FirebaseAuth in Frameworks */ = {isa = PBXBuildFile; productRef = AA9012BA2E3BA21F00804C6A /* FirebaseAuth */; };
		AA9012BD2E3BA21F00804C6A /* FirebaseFirestore in Frameworks */ = {isa = PBXBuildFile; productRef = AA9012BC2E3BA21F00804C6A /* FirebaseFirestore */; };
		AA9012BF2E3BA21F00804C6A /* FirebaseMessaging in Frameworks */ = {isa = PBXBuildFile; productRef = AA9012BE2E3BA21F00804C6A /* FirebaseMessaging */; };
		AA9012C72E3BA2F600804C6A /* SwiftKeychainWrapper in Frameworks */ = {isa = PBXBuildFile; productRef = AA9012C62E3BA2F600804C6A /* SwiftKeychainWrapper */; };
		C38840D3476A11EC51226CDC /* Pods_FinTrack.framework in Frameworks */ = {isa = PBXBuildFile; fileRef = DB4AAC72362EC9ACF97AEE12 /* Pods_FinTrack.framework */; };
/* End PBXBuildFile section */

/* Begin PBXCopyFilesBuildPhase section */
		AA90129C2E3B9FED00804C6A /* Embed Frameworks */ = {
			isa = PBXCopyFilesBuildPhase;
			buildActionMask = 2147483647;
			dstPath = "";
			dstSubfolderSpec = 10;
			files = (
				AA90129B2E3B9FED00804C6A /* Pods_FinTrack.framework in Embed Frameworks */,
			);
			name = "Embed Frameworks";
			runOnlyForDeploymentPostprocessing = 0;
		};
/* End PBXCopyFilesBuildPhase section */

/* Begin PBXFileReference section */
		3013DF82031B57349973958D /* Pods-FinTrack.release.xcconfig */ = {isa = PBXFileReference; includeInIndex = 1; lastKnownFileType = text.xcconfig; name = "Pods-FinTrack.release.xcconfig"; path = "Target Support Files/Pods-FinTrack/Pods-FinTrack.release.xcconfig"; sourceTree = "<group>"; };
		AA90124E2E3B967A00804C6A /* FinTrack.app */ = {isa = PBXFileReference; explicitFileType = wrapper.application; includeInIndex = 0; path = FinTrack.app; sourceTree = BUILT_PRODUCTS_DIR; };
		AA9012992E3B9FED00804C6A /* Pods_FinTrack.framework */ = {isa = PBXFileReference; explicitFileType = wrapper.framework; path = Pods_FinTrack.framework; sourceTree = BUILT_PRODUCTS_DIR; };
		D628CE0453720ACDC09AC808 /* Pods-FinTrack.debug.xcconfig */ = {isa = PBXFileReference; includeInIndex = 1; lastKnownFileType = text.xcconfig; name = "Pods-FinTrack.debug.xcconfig"; path = "Target Support Files/Pods-FinTrack/Pods-FinTrack.debug.xcconfig"; sourceTree = "<group>"; };
		DB4AAC72362EC9ACF97AEE12 /* Pods_FinTrack.framework */ = {isa = PBXFileReference; explicitFileType = wrapper.framework; includeInIndex = 0; path = Pods_FinTrack.framework; sourceTree = BUILT_PRODUCTS_DIR; };
/* End PBXFileReference section */

/* Begin PBXFileSystemSynchronizedBuildFileExceptionSet section */
		AA6B5A7F2E3BD5DD009F401D /* Exceptions for "FinTrack" folder in "FinTrack" target */ = {
			isa = PBXFileSystemSynchronizedBuildFileExceptionSet;
			membershipExceptions = (
				Info.plist,
			);
			target = AA90124D2E3B967A00804C6A /* FinTrack */;
		};
/* End PBXFileSystemSynchronizedBuildFileExceptionSet section */

/* Begin PBXFileSystemSynchronizedRootGroup section */
		AA9012502E3B967A00804C6A /* FinTrack */ = {
			isa = PBXFileSystemSynchronizedRootGroup;
			exceptions = (
				AA6B5A7F2E3BD5DD009F401D /* Exceptions for "FinTrack" folder in "FinTrack" target */,
			);
			path = FinTrack;
			sourceTree = "<group>";
		};
/* End PBXFileSystemSynchronizedRootGroup section */

/* Begin PBXFrameworksBuildPhase section */
		AA90124B2E3B967A00804C6A /* Frameworks */ = {
			isa = PBXFrameworksBuildPhase;
			buildActionMask = 2147483647;
			files = (
				AA6B5A7B2E3BD00F009F401D /* GoogleSignInSwift in Frameworks */,
				AA9012BF2E3BA21F00804C6A /* FirebaseMessaging in Frameworks */,
				AA6B5A812E3BD8CD009F401D /* SwiftKeychainWrapper in Frameworks */,
				AA6B5A792E3BD00F009F401D /* GoogleSignIn in Frameworks */,
				AA90129A2E3B9FED00804C6A /* Pods_FinTrack.framework in Frameworks */,
				C38840D3476A11EC51226CDC /* Pods_FinTrack.framework in Frameworks */,
				AA9012B92E3BA21F00804C6A /* FirebaseAnalytics in Frameworks */,
				AA9012BD2E3BA21F00804C6A /* FirebaseFirestore in Frameworks */,
				AA9012BB2E3BA21F00804C6A /* FirebaseAuth in Frameworks */,
				AA9012C72E3BA2F600804C6A /* SwiftKeychainWrapper in Frameworks */,
			);
			runOnlyForDeploymentPostprocessing = 0;
		};
/* End PBXFrameworksBuildPhase section */

/* Begin PBXGroup section */
		4700109D00654420859F9FF2 /* Frameworks */ = {
			isa = PBXGroup;
			children = (
				AA9012992E3B9FED00804C6A /* Pods_FinTrack.framework */,
				DB4AAC72362EC9ACF97AEE12 /* Pods_FinTrack.framework */,
			);
			name = Frameworks;
			sourceTree = "<group>";
		};
		53988F3FEC5D1A9697BD2C84 /* Pods */ = {
			isa = PBXGroup;
			children = (
				D628CE0453720ACDC09AC808 /* Pods-FinTrack.debug.xcconfig */,
				3013DF82031B57349973958D /* Pods-FinTrack.release.xcconfig */,
			);
			path = Pods;
			sourceTree = "<group>";
		};
		AA9012452E3B967A00804C6A = {
			isa = PBXGroup;
			children = (
				AA9012502E3B967A00804C6A /* FinTrack */,
				AA90124F2E3B967A00804C6A /* Products */,
				53988F3FEC5D1A9697BD2C84 /* Pods */,
				4700109D00654420859F9FF2 /* Frameworks */,
			);
			sourceTree = "<group>";
		};
		AA90124F2E3B967A00804C6A /* Products */ = {
			isa = PBXGroup;
			children = (
				AA90124E2E3B967A00804C6A /* FinTrack.app */,
			);
			name = Products;
			sourceTree = "<group>";
		};
/* End PBXGroup section */

/* Begin PBXNativeTarget section */
		AA90124D2E3B967A00804C6A /* FinTrack */ = {
			isa = PBXNativeTarget;
			buildConfigurationList = AA90125C2E3B967E00804C6A /* Build configuration list for PBXNativeTarget "FinTrack" */;
			buildPhases = (
				D8344C6E68C405472743B87D /* [CP] Check Pods Manifest.lock */,
				AA90124A2E3B967A00804C6A /* Sources */,
				AA90124B2E3B967A00804C6A /* Frameworks */,
				AA90124C2E3B967A00804C6A /* Resources */,
				AA90129C2E3B9FED00804C6A /* Embed Frameworks */,
			);
			buildRules = (
			);
			dependencies = (
			);
			fileSystemSynchronizedGroups = (
				AA9012502E3B967A00804C6A /* FinTrack */,
			);
			name = FinTrack;
			productName = FinTrack;
			productReference = AA90124E2E3B967A00804C6A /* FinTrack.app */;
			productType = "com.apple.product-type.application";
		};
/* End PBXNativeTarget section */

/* Begin PBXProject section */
		AA9012462E3B967A00804C6A /* Project object */ = {
			isa = PBXProject;
			attributes = {
				BuildIndependentTargetsInParallel = 1;
				LastSwiftUpdateCheck = 1620;
				LastUpgradeCheck = 1620;
				TargetAttributes = {
					AA90124D2E3B967A00804C6A = {
						CreatedOnToolsVersion = 16.2;
					};
				};
			};
			buildConfigurationList = AA9012492E3B967A00804C6A /* Build configuration list for PBXProject "FinTrack" */;
			developmentRegion = en;
			hasScannedForEncodings = 0;
			knownRegions = (
				en,
				Base,
			);
			mainGroup = AA9012452E3B967A00804C6A;
			minimizedProjectReferenceProxies = 1;
			packageReferences = (
				AA9012B72E3BA21F00804C6A /* XCRemoteSwiftPackageReference "firebase-ios-sdk" */,
				AA9012C52E3BA2F600804C6A /* XCRemoteSwiftPackageReference "SwiftKeychainWrapper" */,
				AA6B5A772E3BD00F009F401D /* XCRemoteSwiftPackageReference "GoogleSignIn-iOS" */,
			);
			preferredProjectObjectVersion = 77;
			productRefGroup = AA90124F2E3B967A00804C6A /* Products */;
			projectDirPath = "";
			projectRoot = "";
			targets = (
				AA90124D2E3B967A00804C6A /* FinTrack */,
			);
		};
/* End PBXProject section */

/* Begin PBXResourcesBuildPhase section */
		AA90124C2E3B967A00804C6A /* Resources */ = {
			isa = PBXResourcesBuildPhase;
			buildActionMask = 2147483647;
			files = (
			);
			runOnlyForDeploymentPostprocessing = 0;
		};
/* End PBXResourcesBuildPhase section */

/* Begin PBXShellScriptBuildPhase section */
		D8344C6E68C405472743B87D /* [CP] Check Pods Manifest.lock */ = {
			isa = PBXShellScriptBuildPhase;
			buildActionMask = 2147483647;
			files = (
			);
			inputFileListPaths = (
			);
			inputPaths = (
				"${PODS_PODFILE_DIR_PATH}/Podfile.lock",
				"${PODS_ROOT}/Manifest.lock",
			);
			name = "[CP] Check Pods Manifest.lock";
			outputFileListPaths = (
			);
			outputPaths = (
				"$(DERIVED_FILE_DIR)/Pods-FinTrack-checkManifestLockResult.txt",
			);
			runOnlyForDeploymentPostprocessing = 0;
			shellPath = /bin/sh;
			shellScript = "diff \"${PODS_PODFILE_DIR_PATH}/Podfile.lock\" \"${PODS_ROOT}/Manifest.lock\" > /dev/null\nif [ $? != 0 ] ; then\n    # print error to STDERR\n    echo \"error: The sandbox is not in sync with the Podfile.lock. Run 'pod install' or update your CocoaPods installation.\" >&2\n    exit 1\nfi\n# This output is used by Xcode 'outputs' to avoid re-running this script phase.\necho \"SUCCESS\" > \"${SCRIPT_OUTPUT_FILE_0}\"\n";
			showEnvVarsInLog = 0;
		};
/* End PBXShellScriptBuildPhase section */

/* Begin PBXSourcesBuildPhase section */
		AA90124A2E3B967A00804C6A /* Sources */ = {
			isa = PBXSourcesBuildPhase;
			buildActionMask = 2147483647;
			files = (
			);
			runOnlyForDeploymentPostprocessing = 0;
		};
/* End PBXSourcesBuildPhase section */

/* Begin XCBuildConfiguration section */
		AA90125A2E3B967E00804C6A /* Debug */ = {
			isa = XCBuildConfiguration;
			buildSettings = {
				ALWAYS_SEARCH_USER_PATHS = NO;
				ASSETCATALOG_COMPILER_GENERATE_SWIFT_ASSET_SYMBOL_EXTENSIONS = YES;
				CLANG_ANALYZER_NONNULL = YES;
				CLANG_ANALYZER_NUMBER_OBJECT_CONVERSION = YES_AGGRESSIVE;
				CLANG_CXX_LANGUAGE_STANDARD = "gnu++20";
				CLANG_ENABLE_MODULES = YES;
				CLANG_ENABLE_OBJC_ARC = YES;
				CLANG_ENABLE_OBJC_WEAK = YES;
				CLANG_WARN_BLOCK_CAPTURE_AUTORELEASING = YES;
				CLANG_WARN_BOOL_CONVERSION = YES;
				CLANG_WARN_COMMA = YES;
				CLANG_WARN_CONSTANT_CONVERSION = YES;
				CLANG_WARN_DEPRECATED_OBJC_IMPLEMENTATIONS = YES;
				CLANG_WARN_DIRECT_OBJC_ISA_USAGE = YES_ERROR;
				CLANG_WARN_DOCUMENTATION_COMMENTS = YES;
				CLANG_WARN_EMPTY_BODY = YES;
				CLANG_WARN_ENUM_CONVERSION = YES;
				CLANG_WARN_INFINITE_RECURSION = YES;
				CLANG_WARN_INT_CONVERSION = YES;
				CLANG_WARN_NON_LITERAL_NULL_CONVERSION = YES;
				CLANG_WARN_OBJC_IMPLICIT_RETAIN_SELF = YES;
				CLANG_WARN_OBJC_LITERAL_CONVERSION = YES;
				CLANG_WARN_OBJC_ROOT_CLASS = YES_ERROR;
				CLANG_WARN_QUOTED_INCLUDE_IN_FRAMEWORK_HEADER = YES;
				CLANG_WARN_RANGE_LOOP_ANALYSIS = YES;
				CLANG_WARN_STRICT_PROTOTYPES = YES;
				CLANG_WARN_SUSPICIOUS_MOVE = YES;
				CLANG_WARN_UNGUARDED_AVAILABILITY = YES_AGGRESSIVE;
				CLANG_WARN_UNREACHABLE_CODE = YES;
				CLANG_WARN__DUPLICATE_METHOD_MATCH = YES;
				COPY_PHASE_STRIP = NO;
				DEBUG_INFORMATION_FORMAT = dwarf;
				ENABLE_STRICT_OBJC_MSGSEND = YES;
				ENABLE_TESTABILITY = YES;
				ENABLE_USER_SCRIPT_SANDBOXING = YES;
				GCC_C_LANGUAGE_STANDARD = gnu17;
				GCC_DYNAMIC_NO_PIC = NO;
				GCC_NO_COMMON_BLOCKS = YES;
				GCC_OPTIMIZATION_LEVEL = 0;
				GCC_PREPROCESSOR_DEFINITIONS = (
					"DEBUG=1",
					"$(inherited)",
				);
				GCC_WARN_64_TO_32_BIT_CONVERSION = YES;
				GCC_WARN_ABOUT_RETURN_TYPE = YES_ERROR;
				GCC_WARN_UNDECLARED_SELECTOR = YES;
				GCC_WARN_UNINITIALIZED_AUTOS = YES_AGGRESSIVE;
				GCC_WARN_UNUSED_FUNCTION = YES;
				GCC_WARN_UNUSED_VARIABLE = YES;
				IPHONEOS_DEPLOYMENT_TARGET = 18.2;
				LOCALIZATION_PREFERS_STRING_CATALOGS = YES;
				MTL_ENABLE_DEBUG_INFO = INCLUDE_SOURCE;
				MTL_FAST_MATH = YES;
				ONLY_ACTIVE_ARCH = YES;
				SDKROOT = iphoneos;
				SWIFT_ACTIVE_COMPILATION_CONDITIONS = "DEBUG $(inherited)";
				SWIFT_OPTIMIZATION_LEVEL = "-Onone";
			};
			name = Debug;
		};
		AA90125B2E3B967E00804C6A /* Release */ = {
			isa = XCBuildConfiguration;
			buildSettings = {
				ALWAYS_SEARCH_USER_PATHS = NO;
				ASSETCATALOG_COMPILER_GENERATE_SWIFT_ASSET_SYMBOL_EXTENSIONS = YES;
				CLANG_ANALYZER_NONNULL = YES;
				CLANG_ANALYZER_NUMBER_OBJECT_CONVERSION = YES_AGGRESSIVE;
				CLANG_CXX_LANGUAGE_STANDARD = "gnu++20";
				CLANG_ENABLE_MODULES = YES;
				CLANG_ENABLE_OBJC_ARC = YES;
				CLANG_ENABLE_OBJC_WEAK = YES;
				CLANG_WARN_BLOCK_CAPTURE_AUTORELEASING = YES;
				CLANG_WARN_BOOL_CONVERSION = YES;
				CLANG_WARN_COMMA = YES;
				CLANG_WARN_CONSTANT_CONVERSION = YES;
				CLANG_WARN_DEPRECATED_OBJC_IMPLEMENTATIONS = YES;
				CLANG_WARN_DIRECT_OBJC_ISA_USAGE = YES_ERROR;
				CLANG_WARN_DOCUMENTATION_COMMENTS = YES;
				CLANG_WARN_EMPTY_BODY = YES;
				CLANG_WARN_ENUM_CONVERSION = YES;
				CLANG_WARN_INFINITE_RECURSION = YES;
				CLANG_WARN_INT_CONVERSION = YES;
				CLANG_WARN_NON_LITERAL_NULL_CONVERSION = YES;
				CLANG_WARN_OBJC_IMPLICIT_RETAIN_SELF = YES;
				CLANG_WARN_OBJC_LITERAL_CONVERSION = YES;
				CLANG_WARN_OBJC_ROOT_CLASS = YES_ERROR;
				CLANG_WARN_QUOTED_INCLUDE_IN_FRAMEWORK_HEADER = YES;
				CLANG_WARN_RANGE_LOOP_ANALYSIS = YES;
				CLANG_WARN_STRICT_PROTOTYPES = YES;
				CLANG_WARN_SUSPICIOUS_MOVE = YES;
				CLANG_WARN_UNGUARDED_AVAILABILITY = YES_AGGRESSIVE;
				CLANG_WARN_UNREACHABLE_CODE = YES;
				CLANG_WARN__DUPLICATE_METHOD_MATCH = YES;
				COPY_PHASE_STRIP = NO;
				DEBUG_INFORMATION_FORMAT = "dwarf-with-dsym";
				ENABLE_NS_ASSERTIONS = NO;
				ENABLE_STRICT_OBJC_MSGSEND = YES;
				ENABLE_USER_SCRIPT_SANDBOXING = YES;
				GCC_C_LANGUAGE_STANDARD = gnu17;
				GCC_NO_COMMON_BLOCKS = YES;
				GCC_WARN_64_TO_32_BIT_CONVERSION = YES;
				GCC_WARN_ABOUT_RETURN_TYPE = YES_ERROR;
				GCC_WARN_UNDECLARED_SELECTOR = YES;
				GCC_WARN_UNINITIALIZED_AUTOS = YES_AGGRESSIVE;
				GCC_WARN_UNUSED_FUNCTION = YES;
				GCC_WARN_UNUSED_VARIABLE = YES;
				IPHONEOS_DEPLOYMENT_TARGET = 18.2;
				LOCALIZATION_PREFERS_STRING_CATALOGS = YES;
				MTL_ENABLE_DEBUG_INFO = NO;
				MTL_FAST_MATH = YES;
				SDKROOT = iphoneos;
				SWIFT_COMPILATION_MODE = wholemodule;
				VALIDATE_PRODUCT = YES;
			};
			name = Release;
		};
		AA90125D2E3B967E00804C6A /* Debug */ = {
			isa = XCBuildConfiguration;
			baseConfigurationReference = D628CE0453720ACDC09AC808 /* Pods-FinTrack.debug.xcconfig */;
			buildSettings = {
				ASSETCATALOG_COMPILER_APPICON_NAME = AppIcon;
				ASSETCATALOG_COMPILER_GLOBAL_ACCENT_COLOR_NAME = AccentColor;
				CODE_SIGN_STYLE = Automatic;
				CURRENT_PROJECT_VERSION = 1;
				DEVELOPMENT_ASSET_PATHS = "\"FinTrack/Preview Content\"";
				DEVELOPMENT_TEAM = Z42XKHG2FH;
				ENABLE_PREVIEWS = YES;
				GENERATE_INFOPLIST_FILE = YES;
				INFOPLIST_FILE = FinTrack/Info.plist;
				INFOPLIST_KEY_NSFaceIDUsageDescription = "Use Face ID para fazer login no FinTrack de forma rápida e segura";
				INFOPLIST_KEY_NSLocationWhenInUseUsageDescription = "O FinTrack usa sua localização para segurança e prevenção de fraudes";
				INFOPLIST_KEY_UIApplicationSceneManifest_Generation = YES;
				INFOPLIST_KEY_UIApplicationSupportsIndirectInputEvents = YES;
				INFOPLIST_KEY_UILaunchScreen_Generation = YES;
				INFOPLIST_KEY_UISupportedInterfaceOrientations_iPad = "UIInterfaceOrientationPortrait UIInterfaceOrientationPortraitUpsideDown UIInterfaceOrientationLandscapeLeft UIInterfaceOrientationLandscapeRight";
				INFOPLIST_KEY_UISupportedInterfaceOrientations_iPhone = "UIInterfaceOrientationPortrait UIInterfaceOrientationLandscapeLeft UIInterfaceOrientationLandscapeRight";
				LD_RUNPATH_SEARCH_PATHS = (
					"$(inherited)",
					"@executable_path/Frameworks",
				);
				MARKETING_VERSION = 1.0;
				PRODUCT_BUNDLE_IDENTIFIER = ai.DaviMiranda.FinTrack;
				PRODUCT_NAME = "$(TARGET_NAME)";
				SWIFT_EMIT_LOC_STRINGS = YES;
				SWIFT_VERSION = 5.0;
				TARGETED_DEVICE_FAMILY = "1,2";
			};
			name = Debug;
		};
		AA90125E2E3B967E00804C6A /* Release */ = {
			isa = XCBuildConfiguration;
			baseConfigurationReference = 3013DF82031B57349973958D /* Pods-FinTrack.release.xcconfig */;
			buildSettings = {
				ASSETCATALOG_COMPILER_APPICON_NAME = AppIcon;
				ASSETCATALOG_COMPILER_GLOBAL_ACCENT_COLOR_NAME = AccentColor;
				CODE_SIGN_STYLE = Automatic;
				CURRENT_PROJECT_VERSION = 1;
				DEVELOPMENT_ASSET_PATHS = "\"FinTrack/Preview Content\"";
				DEVELOPMENT_TEAM = Z42XKHG2FH;
				ENABLE_PREVIEWS = YES;
				GENERATE_INFOPLIST_FILE = YES;
				INFOPLIST_FILE = FinTrack/Info.plist;
				INFOPLIST_KEY_NSFaceIDUsageDescription = "Use Face ID para fazer login no FinTrack de forma rápida e segura";
				INFOPLIST_KEY_NSLocationWhenInUseUsageDescription = "O FinTrack usa sua localização para segurança e prevenção de fraudes";
				INFOPLIST_KEY_UIApplicationSceneManifest_Generation = YES;
				INFOPLIST_KEY_UIApplicationSupportsIndirectInputEvents = YES;
				INFOPLIST_KEY_UILaunchScreen_Generation = YES;
				INFOPLIST_KEY_UISupportedInterfaceOrientations_iPad = "UIInterfaceOrientationPortrait UIInterfaceOrientationPortraitUpsideDown UIInterfaceOrientationLandscapeLeft UIInterfaceOrientationLandscapeRight";
				INFOPLIST_KEY_UISupportedInterfaceOrientations_iPhone = "UIInterfaceOrientationPortrait UIInterfaceOrientationLandscapeLeft UIInterfaceOrientationLandscapeRight";
				LD_RUNPATH_SEARCH_PATHS = (
					"$(inherited)",
					"@executable_path/Frameworks",
				);
				MARKETING_VERSION = 1.0;
				PRODUCT_BUNDLE_IDENTIFIER = ai.DaviMiranda.FinTrack;
				PRODUCT_NAME = "$(TARGET_NAME)";
				SWIFT_EMIT_LOC_STRINGS = YES;
				SWIFT_VERSION = 5.0;
				TARGETED_DEVICE_FAMILY = "1,2";
			};
			name = Release;
		};
/* End XCBuildConfiguration section */

/* Begin XCConfigurationList section */
		AA9012492E3B967A00804C6A /* Build configuration list for PBXProject "FinTrack" */ = {
			isa = XCConfigurationList;
			buildConfigurations = (
				AA90125A2E3B967E00804C6A /* Debug */,
				AA90125B2E3B967E00804C6A /* Release */,
			);
			defaultConfigurationIsVisible = 0;
			defaultConfigurationName = Release;
		};
		AA90125C2E3B967E00804C6A /* Build configuration list for PBXNativeTarget "FinTrack" */ = {
			isa = XCConfigurationList;
			buildConfigurations = (
				AA90125D2E3B967E00804C6A /* Debug */,
				AA90125E2E3B967E00804C6A /* Release */,
			);
			defaultConfigurationIsVisible = 0;
			defaultConfigurationName = Release;
		};
/* End XCConfigurationList section */

/* Begin XCRemoteSwiftPackageReference section */
		AA6B5A772E3BD00F009F401D /* XCRemoteSwiftPackageReference "GoogleSignIn-iOS" */ = {
			isa = XCRemoteSwiftPackageReference;
			repositoryURL = "https://github.com/google/GoogleSignIn-iOS";
			requirement = {
				kind = upToNextMajorVersion;
				minimumVersion = 9.0.0;
			};
		};
		AA9012B72E3BA21F00804C6A /* XCRemoteSwiftPackageReference "firebase-ios-sdk" */ = {
			isa = XCRemoteSwiftPackageReference;
			repositoryURL = "https://github.com/firebase/firebase-ios-sdk";
			requirement = {
				kind = upToNextMajorVersion;
				minimumVersion = 12.0.0;
			};
		};
		AA9012C52E3BA2F600804C6A /* XCRemoteSwiftPackageReference "SwiftKeychainWrapper" */ = {
			isa = XCRemoteSwiftPackageReference;
			repositoryURL = "https://github.com/jrendel/SwiftKeychainWrapper";
			requirement = {
				kind = upToNextMajorVersion;
				minimumVersion = 4.0.1;
			};
		};
/* End XCRemoteSwiftPackageReference section */

/* Begin XCSwiftPackageProductDependency section */
		AA6B5A782E3BD00F009F401D /* GoogleSignIn */ = {
			isa = XCSwiftPackageProductDependency;
			package = AA6B5A772E3BD00F009F401D /* XCRemoteSwiftPackageReference "GoogleSignIn-iOS" */;
			productName = GoogleSignIn;
		};
		AA6B5A7A2E3BD00F009F401D /* GoogleSignInSwift */ = {
			isa = XCSwiftPackageProductDependency;
			package = AA6B5A772E3BD00F009F401D /* XCRemoteSwiftPackageReference "GoogleSignIn-iOS" */;
			productName = GoogleSignInSwift;
		};
		AA6B5A802E3BD8CD009F401D /* SwiftKeychainWrapper */ = {
			isa = XCSwiftPackageProductDependency;
			package = AA9012C52E3BA2F600804C6A /* XCRemoteSwiftPackageReference "SwiftKeychainWrapper" */;
			productName = SwiftKeychainWrapper;
		};
		AA9012B82E3BA21F00804C6A /* FirebaseAnalytics */ = {
			isa = XCSwiftPackageProductDependency;
			package = AA9012B72E3BA21F00804C6A /* XCRemoteSwiftPackageReference "firebase-ios-sdk" */;
			productName = FirebaseAnalytics;
		};
		AA9012BA2E3BA21F00804C6A /* FirebaseAuth */ = {
			isa = XCSwiftPackageProductDependency;
			package = AA9012B72E3BA21F00804C6A /* XCRemoteSwiftPackageReference "firebase-ios-sdk" */;
			productName = FirebaseAuth;
		};
		AA9012BC2E3BA21F00804C6A /* FirebaseFirestore */ = {
			isa = XCSwiftPackageProductDependency;
			package = AA9012B72E3BA21F00804C6A /* XCRemoteSwiftPackageReference "firebase-ios-sdk" */;
			productName = FirebaseFirestore;
		};
		AA9012BE2E3BA21F00804C6A /* FirebaseMessaging */ = {
			isa = XCSwiftPackageProductDependency;
			package = AA9012B72E3BA21F00804C6A /* XCRemoteSwiftPackageReference "firebase-ios-sdk" */;
			productName = FirebaseMessaging;
		};
		AA9012C62E3BA2F600804C6A /* SwiftKeychainWrapper */ = {
			isa = XCSwiftPackageProductDependency;
			package = AA9012C52E3BA2F600804C6A /* XCRemoteSwiftPackageReference "SwiftKeychainWrapper" */;
			productName = SwiftKeychainWrapper;
		};
/* End XCSwiftPackageProductDependency section */
	};
	rootObject = AA9012462E3B967A00804C6A /* Project object */;
}
